// !$*UTF8*$!
{
	archiveVersion = 1;
	classes = {
	};
	objectVersion = 46;
	objects = {

/* Begin PBXBuildFile section */
		1F44E28F1940E45A00C18269 /* Foundation.framework in Frameworks */ = {isa = PBXBuildFile; fileRef = 1F44E28E1940E45A00C18269 /* Foundation.framework */; };
		1F44E2911940E45A00C18269 /* CoreGraphics.framework in Frameworks */ = {isa = PBXBuildFile; fileRef = 1F44E2901940E45A00C18269 /* CoreGraphics.framework */; };
		1F44E2931940E45A00C18269 /* UIKit.framework in Frameworks */ = {isa = PBXBuildFile; fileRef = 1F44E2921940E45A00C18269 /* UIKit.framework */; };
		1F44E2991940E45A00C18269 /* InfoPlist.strings in Resources */ = {isa = PBXBuildFile; fileRef = 1F44E2971940E45A00C18269 /* InfoPlist.strings */; };
		1F44E29B1940E45A00C18269 /* main.m in Sources */ = {isa = PBXBuildFile; fileRef = 1F44E29A1940E45A00C18269 /* main.m */; };
		1F44E29F1940E45A00C18269 /* AppDelegate.m in Sources */ = {isa = PBXBuildFile; fileRef = 1F44E29E1940E45A00C18269 /* AppDelegate.m */; };
		1F44E2A21940E45A00C18269 /* Main.storyboard in Resources */ = {isa = PBXBuildFile; fileRef = 1F44E2A01940E45A00C18269 /* Main.storyboard */; };
		1F44E2A51940E45A00C18269 /* ViewController.m in Sources */ = {isa = PBXBuildFile; fileRef = 1F44E2A41940E45A00C18269 /* ViewController.m */; };
		1F44E2A71940E45A00C18269 /* Images.xcassets in Resources */ = {isa = PBXBuildFile; fileRef = 1F44E2A61940E45A00C18269 /* Images.xcassets */; };
		1F44E2AE1940E45A00C18269 /* XCTest.framework in Frameworks */ = {isa = PBXBuildFile; fileRef = 1F44E2AD1940E45A00C18269 /* XCTest.framework */; };
		1F44E2AF1940E45A00C18269 /* Foundation.framework in Frameworks */ = {isa = PBXBuildFile; fileRef = 1F44E28E1940E45A00C18269 /* Foundation.framework */; };
		1F44E2B01940E45A00C18269 /* UIKit.framework in Frameworks */ = {isa = PBXBuildFile; fileRef = 1F44E2921940E45A00C18269 /* UIKit.framework */; };
		1F44E2B81940E45A00C18269 /* InfoPlist.strings in Resources */ = {isa = PBXBuildFile; fileRef = 1F44E2B61940E45A00C18269 /* InfoPlist.strings */; };
		1F44E2BA1940E45A00C18269 /* beacon_wallet_posTests.m in Sources */ = {isa = PBXBuildFile; fileRef = 1F44E2B91940E45A00C18269 /* beacon_wallet_posTests.m */; };
		1F44E2C4194103B400C18269 /* test_cert.der in Resources */ = {isa = PBXBuildFile; fileRef = 1F44E2C3194103B400C18269 /* test_cert.der */; };
/* End PBXBuildFile section */

/* Begin PBXContainerItemProxy section */
		1F44E2B11940E45A00C18269 /* PBXContainerItemProxy */ = {
			isa = PBXContainerItemProxy;
			containerPortal = 1F44E2831940E45A00C18269 /* Project object */;
			proxyType = 1;
			remoteGlobalIDString = 1F44E28A1940E45A00C18269;
			remoteInfo = "beacon-wallet-pos";
		};
/* End PBXContainerItemProxy section */

/* Begin PBXFileReference section */
		1F44E28B1940E45A00C18269 /* beacon-wallet-pos.app */ = {isa = PBXFileReference; explicitFileType = wrapper.application; includeInIndex = 0; path = "beacon-wallet-pos.app"; sourceTree = BUILT_PRODUCTS_DIR; };
		1F44E28E1940E45A00C18269 /* Foundation.framework */ = {isa = PBXFileReference; lastKnownFileType = wrapper.framework; name = Foundation.framework; path = System/Library/Frameworks/Foundation.framework; sourceTree = SDKROOT; };
		1F44E2901940E45A00C18269 /* CoreGraphics.framework */ = {isa = PBXFileReference; lastKnownFileType = wrapper.framework; name = CoreGraphics.framework; path = System/Library/Frameworks/CoreGraphics.framework; sourceTree = SDKROOT; };
		1F44E2921940E45A00C18269 /* UIKit.framework */ = {isa = PBXFileReference; lastKnownFileType = wrapper.framework; name = UIKit.framework; path = System/Library/Frameworks/UIKit.framework; sourceTree = SDKROOT; };
		1F44E2961940E45A00C18269 /* beacon-wallet-pos-Info.plist */ = {isa = PBXFileReference; lastKnownFileType = text.plist.xml; path = "beacon-wallet-pos-Info.plist"; sourceTree = "<group>"; };
		1F44E2981940E45A00C18269 /* en */ = {isa = PBXFileReference; lastKnownFileType = text.plist.strings; name = en; path = en.lproj/InfoPlist.strings; sourceTree = "<group>"; };
		1F44E29A1940E45A00C18269 /* main.m */ = {isa = PBXFileReference; lastKnownFileType = sourcecode.c.objc; path = main.m; sourceTree = "<group>"; };
		1F44E29C1940E45A00C18269 /* beacon-wallet-pos-Prefix.pch */ = {isa = PBXFileReference; lastKnownFileType = sourcecode.c.h; path = "beacon-wallet-pos-Prefix.pch"; sourceTree = "<group>"; };
		1F44E29D1940E45A00C18269 /* AppDelegate.h */ = {isa = PBXFileReference; lastKnownFileType = sourcecode.c.h; path = AppDelegate.h; sourceTree = "<group>"; };
		1F44E29E1940E45A00C18269 /* AppDelegate.m */ = {isa = PBXFileReference; lastKnownFileType = sourcecode.c.objc; path = AppDelegate.m; sourceTree = "<group>"; };
		1F44E2A11940E45A00C18269 /* Base */ = {isa = PBXFileReference; lastKnownFileType = file.storyboard; name = Base; path = Base.lproj/Main.storyboard; sourceTree = "<group>"; };
		1F44E2A31940E45A00C18269 /* ViewController.h */ = {isa = PBXFileReference; lastKnownFileType = sourcecode.c.h; path = ViewController.h; sourceTree = "<group>"; };
		1F44E2A41940E45A00C18269 /* ViewController.m */ = {isa = PBXFileReference; lastKnownFileType = sourcecode.c.objc; path = ViewController.m; sourceTree = "<group>"; };
		1F44E2A61940E45A00C18269 /* Images.xcassets */ = {isa = PBXFileReference; lastKnownFileType = folder.assetcatalog; path = Images.xcassets; sourceTree = "<group>"; };
		1F44E2AC1940E45A00C18269 /* beacon-wallet-posTests.xctest */ = {isa = PBXFileReference; explicitFileType = wrapper.cfbundle; includeInIndex = 0; path = "beacon-wallet-posTests.xctest"; sourceTree = BUILT_PRODUCTS_DIR; };
		1F44E2AD1940E45A00C18269 /* XCTest.framework */ = {isa = PBXFileReference; lastKnownFileType = wrapper.framework; name = XCTest.framework; path = Library/Frameworks/XCTest.framework; sourceTree = DEVELOPER_DIR; };
		1F44E2B51940E45A00C18269 /* beacon-wallet-posTests-Info.plist */ = {isa = PBXFileReference; lastKnownFileType = text.plist.xml; path = "beacon-wallet-posTests-Info.plist"; sourceTree = "<group>"; };
		1F44E2B71940E45A00C18269 /* en */ = {isa = PBXFileReference; lastKnownFileType = text.plist.strings; name = en; path = en.lproj/InfoPlist.strings; sourceTree = "<group>"; };
		1F44E2B91940E45A00C18269 /* beacon_wallet_posTests.m */ = {isa = PBXFileReference; lastKnownFileType = sourcecode.c.objc; path = beacon_wallet_posTests.m; sourceTree = "<group>"; };
		1F44E2C3194103B400C18269 /* test_cert.der */ = {isa = PBXFileReference; lastKnownFileType = file; path = test_cert.der; sourceTree = "<group>"; };
/* End PBXFileReference section */

/* Begin PBXFrameworksBuildPhase section */
		1F44E2881940E45A00C18269 /* Frameworks */ = {
			isa = PBXFrameworksBuildPhase;
			buildActionMask = 2147483647;
			files = (
				1F44E2911940E45A00C18269 /* CoreGraphics.framework in Frameworks */,
				1F44E2931940E45A00C18269 /* UIKit.framework in Frameworks */,
				1F44E28F1940E45A00C18269 /* Foundation.framework in Frameworks */,
			);
			runOnlyForDeploymentPostprocessing = 0;
		};
		1F44E2A91940E45A00C18269 /* Frameworks */ = {
			isa = PBXFrameworksBuildPhase;
			buildActionMask = 2147483647;
			files = (
				1F44E2AE1940E45A00C18269 /* XCTest.framework in Frameworks */,
				1F44E2B01940E45A00C18269 /* UIKit.framework in Frameworks */,
				1F44E2AF1940E45A00C18269 /* Foundation.framework in Frameworks */,
			);
			runOnlyForDeploymentPostprocessing = 0;
		};
/* End PBXFrameworksBuildPhase section */

/* Begin PBXGroup section */
		1F44E2821940E45A00C18269 = {
			isa = PBXGroup;
			children = (
				1F44E2941940E45A00C18269 /* beacon-wallet-pos */,
				1F44E2B31940E45A00C18269 /* beacon-wallet-posTests */,
				1F44E28D1940E45A00C18269 /* Frameworks */,
				1F44E28C1940E45A00C18269 /* Products */,
			);
			sourceTree = "<group>";
		};
		1F44E28C1940E45A00C18269 /* Products */ = {
			isa = PBXGroup;
			children = (
				1F44E28B1940E45A00C18269 /* beacon-wallet-pos.app */,
				1F44E2AC1940E45A00C18269 /* beacon-wallet-posTests.xctest */,
			);
			name = Products;
			sourceTree = "<group>";
		};
		1F44E28D1940E45A00C18269 /* Frameworks */ = {
			isa = PBXGroup;
			children = (
				1F44E28E1940E45A00C18269 /* Foundation.framework */,
				1F44E2901940E45A00C18269 /* CoreGraphics.framework */,
				1F44E2921940E45A00C18269 /* UIKit.framework */,
				1F44E2AD1940E45A00C18269 /* XCTest.framework */,
			);
			name = Frameworks;
			sourceTree = "<group>";
		};
		1F44E2941940E45A00C18269 /* beacon-wallet-pos */ = {
			isa = PBXGroup;
			children = (
				1F44E29D1940E45A00C18269 /* AppDelegate.h */,
				1F44E29E1940E45A00C18269 /* AppDelegate.m */,
				1F44E2A01940E45A00C18269 /* Main.storyboard */,
				1F44E2A31940E45A00C18269 /* ViewController.h */,
				1F44E2A41940E45A00C18269 /* ViewController.m */,
				1F44E2A61940E45A00C18269 /* Images.xcassets */,
				1F44E2951940E45A00C18269 /* Supporting Files */,
			);
			path = "beacon-wallet-pos";
			sourceTree = "<group>";
		};
		1F44E2951940E45A00C18269 /* Supporting Files */ = {
			isa = PBXGroup;
			children = (
				1F44E2961940E45A00C18269 /* beacon-wallet-pos-Info.plist */,
				1F44E2C3194103B400C18269 /* test_cert.der */,
				1F44E2971940E45A00C18269 /* InfoPlist.strings */,
				1F44E29A1940E45A00C18269 /* main.m */,
				1F44E29C1940E45A00C18269 /* beacon-wallet-pos-Prefix.pch */,
			);
			name = "Supporting Files";
			sourceTree = "<group>";
		};
		1F44E2B31940E45A00C18269 /* beacon-wallet-posTests */ = {
			isa = PBXGroup;
			children = (
				1F44E2B91940E45A00C18269 /* beacon_wallet_posTests.m */,
				1F44E2B41940E45A00C18269 /* Supporting Files */,
			);
			path = "beacon-wallet-posTests";
			sourceTree = "<group>";
		};
		1F44E2B41940E45A00C18269 /* Supporting Files */ = {
			isa = PBXGroup;
			children = (
				1F44E2B51940E45A00C18269 /* beacon-wallet-posTests-Info.plist */,
				1F44E2B61940E45A00C18269 /* InfoPlist.strings */,
			);
			name = "Supporting Files";
			sourceTree = "<group>";
		};
/* End PBXGroup section */

/* Begin PBXNativeTarget section */
		1F44E28A1940E45A00C18269 /* beacon-wallet-pos */ = {
			isa = PBXNativeTarget;
			buildConfigurationList = 1F44E2BD1940E45A00C18269 /* Build configuration list for PBXNativeTarget "beacon-wallet-pos" */;
			buildPhases = (
				1F44E2871940E45A00C18269 /* Sources */,
				1F44E2881940E45A00C18269 /* Frameworks */,
				1F44E2891940E45A00C18269 /* Resources */,
			);
			buildRules = (
			);
			dependencies = (
			);
			name = "beacon-wallet-pos";
			productName = "beacon-wallet-pos";
			productReference = 1F44E28B1940E45A00C18269 /* beacon-wallet-pos.app */;
			productType = "com.apple.product-type.application";
		};
		1F44E2AB1940E45A00C18269 /* beacon-wallet-posTests */ = {
			isa = PBXNativeTarget;
			buildConfigurationList = 1F44E2C01940E45A00C18269 /* Build configuration list for PBXNativeTarget "beacon-wallet-posTests" */;
			buildPhases = (
				1F44E2A81940E45A00C18269 /* Sources */,
				1F44E2A91940E45A00C18269 /* Frameworks */,
				1F44E2AA1940E45A00C18269 /* Resources */,
			);
			buildRules = (
			);
			dependencies = (
				1F44E2B21940E45A00C18269 /* PBXTargetDependency */,
			);
			name = "beacon-wallet-posTests";
			productName = "beacon-wallet-posTests";
			productReference = 1F44E2AC1940E45A00C18269 /* beacon-wallet-posTests.xctest */;
			productType = "com.apple.product-type.bundle.unit-test";
		};
/* End PBXNativeTarget section */

/* Begin PBXProject section */
		1F44E2831940E45A00C18269 /* Project object */ = {
			isa = PBXProject;
			attributes = {
				LastUpgradeCheck = 0510;
				TargetAttributes = {
					1F44E2AB1940E45A00C18269 = {
						TestTargetID = 1F44E28A1940E45A00C18269;
					};
				};
			};
			buildConfigurationList = 1F44E2861940E45A00C18269 /* Build configuration list for PBXProject "beacon-wallet-pos" */;
			compatibilityVersion = "Xcode 3.2";
			developmentRegion = English;
			hasScannedForEncodings = 0;
			knownRegions = (
				en,
				Base,
			);
			mainGroup = 1F44E2821940E45A00C18269;
			productRefGroup = 1F44E28C1940E45A00C18269 /* Products */;
			projectDirPath = "";
			projectRoot = "";
			targets = (
				1F44E28A1940E45A00C18269 /* beacon-wallet-pos */,
				1F44E2AB1940E45A00C18269 /* beacon-wallet-posTests */,
			);
		};
/* End PBXProject section */

/* Begin PBXResourcesBuildPhase section */
		1F44E2891940E45A00C18269 /* Resources */ = {
			isa = PBXResourcesBuildPhase;
			buildActionMask = 2147483647;
			files = (
				1F44E2A71940E45A00C18269 /* Images.xcassets in Resources */,
				1F44E2991940E45A00C18269 /* InfoPlist.strings in Resources */,
				1F44E2A21940E45A00C18269 /* Main.storyboard in Resources */,
				1F44E2C4194103B400C18269 /* test_cert.der in Resources */,
			);
			runOnlyForDeploymentPostprocessing = 0;
		};
		1F44E2AA1940E45A00C18269 /* Resources */ = {
			isa = PBXResourcesBuildPhase;
			buildActionMask = 2147483647;
			files = (
				1F44E2B81940E45A00C18269 /* InfoPlist.strings in Resources */,
			);
			runOnlyForDeploymentPostprocessing = 0;
		};
/* End PBXResourcesBuildPhase section */

/* Begin PBXSourcesBuildPhase section */
		1F44E2871940E45A00C18269 /* Sources */ = {
			isa = PBXSourcesBuildPhase;
			buildActionMask = 2147483647;
			files = (
				1F44E2A51940E45A00C18269 /* ViewController.m in Sources */,
				1F44E29F1940E45A00C18269 /* AppDelegate.m in Sources */,
				1F44E29B1940E45A00C18269 /* main.m in Sources */,
			);
			runOnlyForDeploymentPostprocessing = 0;
		};
		1F44E2A81940E45A00C18269 /* Sources */ = {
			isa = PBXSourcesBuildPhase;
			buildActionMask = 2147483647;
			files = (
				1F44E2BA1940E45A00C18269 /* beacon_wallet_posTests.m in Sources */,
			);
			runOnlyForDeploymentPostprocessing = 0;
		};
/* End PBXSourcesBuildPhase section */

/* Begin PBXTargetDependency section */
		1F44E2B21940E45A00C18269 /* PBXTargetDependency */ = {
			isa = PBXTargetDependency;
			target = 1F44E28A1940E45A00C18269 /* beacon-wallet-pos */;
			targetProxy = 1F44E2B11940E45A00C18269 /* PBXContainerItemProxy */;
		};
/* End PBXTargetDependency section */

/* Begin PBXVariantGroup section */
		1F44E2971940E45A00C18269 /* InfoPlist.strings */ = {
			isa = PBXVariantGroup;
			children = (
				1F44E2981940E45A00C18269 /* en */,
			);
			name = InfoPlist.strings;
			sourceTree = "<group>";
		};
		1F44E2A01940E45A00C18269 /* Main.storyboard */ = {
			isa = PBXVariantGroup;
			children = (
				1F44E2A11940E45A00C18269 /* Base */,
			);
			name = Main.storyboard;
			sourceTree = "<group>";
		};
		1F44E2B61940E45A00C18269 /* InfoPlist.strings */ = {
			isa = PBXVariantGroup;
			children = (
				1F44E2B71940E45A00C18269 /* en */,
			);
			name = InfoPlist.strings;
			sourceTree = "<group>";
		};
/* End PBXVariantGroup section */

/* Begin XCBuildConfiguration section */
		1F44E2BB1940E45A00C18269 /* Debug */ = {
			isa = XCBuildConfiguration;
			buildSettings = {
				ALWAYS_SEARCH_USER_PATHS = NO;
				CLANG_CXX_LANGUAGE_STANDARD = "gnu++0x";
				CLANG_CXX_LIBRARY = "libc++";
				CLANG_ENABLE_MODULES = YES;
				CLANG_ENABLE_OBJC_ARC = YES;
				CLANG_WARN_BOOL_CONVERSION = YES;
				CLANG_WARN_CONSTANT_CONVERSION = YES;
				CLANG_WARN_DIRECT_OBJC_ISA_USAGE = YES_ERROR;
				CLANG_WARN_EMPTY_BODY = YES;
				CLANG_WARN_ENUM_CONVERSION = YES;
				CLANG_WARN_INT_CONVERSION = YES;
				CLANG_WARN_OBJC_ROOT_CLASS = YES_ERROR;
				CLANG_WARN__DUPLICATE_METHOD_MATCH = YES;
				"CODE_SIGN_IDENTITY[sdk=iphoneos*]" = "iPhone Developer";
				COPY_PHASE_STRIP = NO;
				GCC_C_LANGUAGE_STANDARD = gnu99;
				GCC_DYNAMIC_NO_PIC = NO;
				GCC_OPTIMIZATION_LEVEL = 0;
				GCC_PREPROCESSOR_DEFINITIONS = (
					"DEBUG=1",
					"$(inherited)",
				);
				GCC_SYMBOLS_PRIVATE_EXTERN = NO;
				GCC_WARN_64_TO_32_BIT_CONVERSION = YES;
				GCC_WARN_ABOUT_RETURN_TYPE = YES_ERROR;
				GCC_WARN_UNDECLARED_SELECTOR = YES;
				GCC_WARN_UNINITIALIZED_AUTOS = YES_AGGRESSIVE;
				GCC_WARN_UNUSED_FUNCTION = YES;
				GCC_WARN_UNUSED_VARIABLE = YES;
				IPHONEOS_DEPLOYMENT_TARGET = 7.1;
				ONLY_ACTIVE_ARCH = YES;
				SDKROOT = iphoneos;
			};
			name = Debug;
		};
		1F44E2BC1940E45A00C18269 /* Release */ = {
			isa = XCBuildConfiguration;
			buildSettings = {
				ALWAYS_SEARCH_USER_PATHS = NO;
				CLANG_CXX_LANGUAGE_STANDARD = "gnu++0x";
				CLANG_CXX_LIBRARY = "libc++";
				CLANG_ENABLE_MODULES = YES;
				CLANG_ENABLE_OBJC_ARC = YES;
				CLANG_WARN_BOOL_CONVERSION = YES;
				CLANG_WARN_CONSTANT_CONVERSION = YES;
				CLANG_WARN_DIRECT_OBJC_ISA_USAGE = YES_ERROR;
				CLANG_WARN_EMPTY_BODY = YES;
				CLANG_WARN_ENUM_CONVERSION = YES;
				CLANG_WARN_INT_CONVERSION = YES;
				CLANG_WARN_OBJC_ROOT_CLASS = YES_ERROR;
				CLANG_WARN__DUPLICATE_METHOD_MATCH = YES;
				"CODE_SIGN_IDENTITY[sdk=iphoneos*]" = "iPhone Developer";
				COPY_PHASE_STRIP = YES;
				ENABLE_NS_ASSERTIONS = NO;
				GCC_C_LANGUAGE_STANDARD = gnu99;
				GCC_WARN_64_TO_32_BIT_CONVERSION = YES;
				GCC_WARN_ABOUT_RETURN_TYPE = YES_ERROR;
				GCC_WARN_UNDECLARED_SELECTOR = YES;
				GCC_WARN_UNINITIALIZED_AUTOS = YES_AGGRESSIVE;
				GCC_WARN_UNUSED_FUNCTION = YES;
				GCC_WARN_UNUSED_VARIABLE = YES;
				IPHONEOS_DEPLOYMENT_TARGET = 7.1;
				SDKROOT = iphoneos;
				VALIDATE_PRODUCT = YES;
			};
			name = Release;
		};
		1F44E2BE1940E45A00C18269 /* Debug */ = {
			isa = XCBuildConfiguration;
			buildSettings = {
				ASSETCATALOG_COMPILER_APPICON_NAME = AppIcon;
				ASSETCATALOG_COMPILER_LAUNCHIMAGE_NAME = LaunchImage;
				GCC_PRECOMPILE_PREFIX_HEADER = YES;
				GCC_PREFIX_HEADER = "beacon-wallet-pos/beacon-wallet-pos-Prefix.pch";
				INFOPLIST_FILE = "beacon-wallet-pos/beacon-wallet-pos-Info.plist";
				PRODUCT_NAME = "$(TARGET_NAME)";
				WRAPPER_EXTENSION = app;
			};
			name = Debug;
		};
		1F44E2BF1940E45A00C18269 /* Release */ = {
			isa = XCBuildConfiguration;
			buildSettings = {
				ASSETCATALOG_COMPILER_APPICON_NAME = AppIcon;
				ASSETCATALOG_COMPILER_LAUNCHIMAGE_NAME = LaunchImage;
				GCC_PRECOMPILE_PREFIX_HEADER = YES;
				GCC_PREFIX_HEADER = "beacon-wallet-pos/beacon-wallet-pos-Prefix.pch";
				INFOPLIST_FILE = "beacon-wallet-pos/beacon-wallet-pos-Info.plist";
				PRODUCT_NAME = "$(TARGET_NAME)";
				WRAPPER_EXTENSION = app;
			};
			name = Release;
		};
		1F44E2C11940E45A00C18269 /* Debug */ = {
			isa = XCBuildConfiguration;
			buildSettings = {
				BUNDLE_LOADER = "$(BUILT_PRODUCTS_DIR)/beacon-wallet-pos.app/beacon-wallet-pos";
				FRAMEWORK_SEARCH_PATHS = (
					"$(SDKROOT)/Developer/Library/Frameworks",
					"$(inherited)",
					"$(DEVELOPER_FRAMEWORKS_DIR)",
				);
				GCC_PRECOMPILE_PREFIX_HEADER = YES;
				GCC_PREFIX_HEADER = "beacon-wallet-pos/beacon-wallet-pos-Prefix.pch";
				GCC_PREPROCESSOR_DEFINITIONS = (
					"DEBUG=1",
					"$(inherited)",
				);
				INFOPLIST_FILE = "beacon-wallet-posTests/beacon-wallet-posTests-Info.plist";
				PRODUCT_NAME = "$(TARGET_NAME)";
				TEST_HOST = "$(BUNDLE_LOADER)";
				WRAPPER_EXTENSION = xctest;
			};
			name = Debug;
		};
		1F44E2C21940E45A00C18269 /* Release */ = {
			isa = XCBuildConfiguration;
			buildSettings = {
				BUNDLE_LOADER = "$(BUILT_PRODUCTS_DIR)/beacon-wallet-pos.app/beacon-wallet-pos";
				FRAMEWORK_SEARCH_PATHS = (
					"$(SDKROOT)/Developer/Library/Frameworks",
					"$(inherited)",
					"$(DEVELOPER_FRAMEWORKS_DIR)",
				);
				GCC_PRECOMPILE_PREFIX_HEADER = YES;
				GCC_PREFIX_HEADER = "beacon-wallet-pos/beacon-wallet-pos-Prefix.pch";
				INFOPLIST_FILE = "beacon-wallet-posTests/beacon-wallet-posTests-Info.plist";
				PRODUCT_NAME = "$(TARGET_NAME)";
				TEST_HOST = "$(BUNDLE_LOADER)";
				WRAPPER_EXTENSION = xctest;
			};
			name = Release;
		};
/* End XCBuildConfiguration section */

/* Begin XCConfigurationList section */
		1F44E2861940E45A00C18269 /* Build configuration list for PBXProject "beacon-wallet-pos" */ = {
			isa = XCConfigurationList;
			buildConfigurations = (
				1F44E2BB1940E45A00C18269 /* Debug */,
				1F44E2BC1940E45A00C18269 /* Release */,
			);
			defaultConfigurationIsVisible = 0;
			defaultConfigurationName = Release;
		};
		1F44E2BD1940E45A00C18269 /* Build configuration list for PBXNativeTarget "beacon-wallet-pos" */ = {
			isa = XCConfigurationList;
			buildConfigurations = (
				1F44E2BE1940E45A00C18269 /* Debug */,
				1F44E2BF1940E45A00C18269 /* Release */,
			);
			defaultConfigurationIsVisible = 0;
		};
		1F44E2C01940E45A00C18269 /* Build configuration list for PBXNativeTarget "beacon-wallet-posTests" */ = {
			isa = XCConfigurationList;
			buildConfigurations = (
				1F44E2C11940E45A00C18269 /* Debug */,
				1F44E2C21940E45A00C18269 /* Release */,
			);
			defaultConfigurationIsVisible = 0;
		};
/* End XCConfigurationList section */
	};
	rootObject = 1F44E2831940E45A00C18269 /* Project object */;
}
